<?xml version="1.0" encoding="utf-8"?>
<Project ToolsVersion="4.0" xmlns="http://schemas.microsoft.com/developer/msbuild/2003">
  <ItemGroup>
    <Filter Include="소스 파일">
      <UniqueIdentifier>{4FC737F1-C7A5-4376-A066-2A32D752A2FF}</UniqueIdentifier>
      <Extensions>cpp;c;cc;cxx;def;odl;idl;hpj;bat;asm;asmx</Extensions>
    </Filter>
    <Filter Include="헤더 파일">
      <UniqueIdentifier>{93995380-89BD-4b04-88EB-625FBE52EBFB}</UniqueIdentifier>
      <Extensions>h;hh;hpp;hxx;hm;inl;inc;xsd</Extensions>
    </Filter>
    <Filter Include="리소스 파일">
      <UniqueIdentifier>{67DA6AB6-F800-4c08-8B7A-83BB121AAD01}</UniqueIdentifier>
      <Extensions>rc;ico;cur;bmp;dlg;rc2;rct;bin;rgs;gif;jpg;jpeg;jpe;resx;tiff;tif;png;wav;mfcribbon-ms</Extensions>
    </Filter>
    <Filter Include="소스 파일\3rd">
      <UniqueIdentifier>{5bbe71f2-a890-4526-8b19-71bac6e542d1}</UniqueIdentifier>
    </Filter>
    <Filter Include="소스 파일\src">
      <UniqueIdentifier>{cad0aff8-d7ff-4308-a3ba-f7a1c107e289}</UniqueIdentifier>
    </Filter>
    <Filter Include="소스 파일\src\control">
      <UniqueIdentifier>{fcbf0dbd-01b3-4696-a583-97ff7987e0e8}</UniqueIdentifier>
    </Filter>
    <Filter Include="소스 파일\src\message">
      <UniqueIdentifier>{169376f8-7f8e-491b-8a64-5cb224443995}</UniqueIdentifier>
    </Filter>
    <Filter Include="소스 파일\src\particle">
      <UniqueIdentifier>{5f9f6c13-6383-47bd-9fca-2026fdaee365}</UniqueIdentifier>
    </Filter>
    <Filter Include="소스 파일\src\shader">
      <UniqueIdentifier>{a28b0359-aa7e-40d5-9807-70084592ebf7}</UniqueIdentifier>
    </Filter>
    <Filter Include="소스 파일\src\sound">
      <UniqueIdentifier>{843d4484-56f7-4870-94c6-b4def63973ee}</UniqueIdentifier>
    </Filter>
    <Filter Include="소스 파일\src\text">
      <UniqueIdentifier>{f05b1f27-3db8-4f0e-a242-e08bbe61f160}</UniqueIdentifier>
    </Filter>
    <Filter Include="소스 파일\src\texture">
      <UniqueIdentifier>{1ffcadd5-a30a-4678-aa38-1455f36c0e98}</UniqueIdentifier>
    </Filter>
    <Filter Include="소스 파일\src\Resource">
      <UniqueIdentifier>{a6378624-00c4-45e2-9099-75e713b2bcdc}</UniqueIdentifier>
    </Filter>
    <Filter Include="소스 파일\src\renderer">
      <UniqueIdentifier>{e35ecec4-0a5a-4f0f-961c-00cc1b22dc32}</UniqueIdentifier>
    </Filter>
    <Filter Include="소스 파일\src\renderTarget">
      <UniqueIdentifier>{ef1b8173-8132-45f5-8baf-9b8520d2bafe}</UniqueIdentifier>
    </Filter>
    <Filter Include="소스 파일\src\renderTarget\skybox">
      <UniqueIdentifier>{87ce1b31-d454-4f86-99fe-ff974e8b5cc5}</UniqueIdentifier>
    </Filter>
    <Filter Include="소스 파일\src\camera">
      <UniqueIdentifier>{ea747bb8-f27b-4298-b4c9-d6aba16833cc}</UniqueIdentifier>
    </Filter>
    <Filter Include="소스 파일\preComplie">
      <UniqueIdentifier>{66753c7b-7a26-4a64-9259-f291b80c1b37}</UniqueIdentifier>
    </Filter>
    <Filter Include="소스 파일\src\lights">
      <UniqueIdentifier>{1a71e95d-a002-4b35-88ed-fd5f281ad41c}</UniqueIdentifier>
    </Filter>
    <Filter Include="소스 파일\components">
      <UniqueIdentifier>{73886d1b-7ee0-4aa6-be10-07f6e4cdc076}</UniqueIdentifier>
    </Filter>
    <Filter Include="소스 파일\src\Resource\Buffer">
      <UniqueIdentifier>{2df57526-623d-4159-a954-7f2ce418cb32}</UniqueIdentifier>
    </Filter>
    <Filter Include="소스 파일\origin">
      <UniqueIdentifier>{fac8985c-5a52-49aa-b565-77a0c3551c6f}</UniqueIdentifier>
    </Filter>
    <Filter Include="리소스 파일\shaders">
      <UniqueIdentifier>{7b3e5204-1fb0-4796-8b8f-034ef7ef2f02}</UniqueIdentifier>
    </Filter>
    <Filter Include="소스 파일\src\Resource\structs">
      <UniqueIdentifier>{c920cf81-4627-461b-a30e-1961dd65dc71}</UniqueIdentifier>
    </Filter>
    <Filter Include="소스 파일\src\config">
      <UniqueIdentifier>{534c46ff-7c05-45a6-86fd-e11f9a9672c7}</UniqueIdentifier>
    </Filter>
    <Filter Include="소스 파일\src\Resource\ShadowOld">
      <UniqueIdentifier>{28edb467-40ed-4808-9296-1f959aa95280}</UniqueIdentifier>
    </Filter>
    <Filter Include="소스 파일\src\option">
      <UniqueIdentifier>{a0187a7c-252f-493a-ad08-431adad4b452}</UniqueIdentifier>
    </Filter>
    <Filter Include="소스 파일\Menus">
      <UniqueIdentifier>{fbd7820d-fedc-4356-a61a-0e046ec2d807}</UniqueIdentifier>
    </Filter>
    <Filter Include="소스 파일\GameScene">
      <UniqueIdentifier>{698321eb-9503-4dc3-90a4-0b85a6a09785}</UniqueIdentifier>
    </Filter>
    <Filter Include="소스 파일\src\renderer\Parent">
      <UniqueIdentifier>{0ef5e8c6-7991-4ccf-812b-88a3836cd875}</UniqueIdentifier>
    </Filter>
    <Filter Include="소스 파일\GameScene\GameObjects">
      <UniqueIdentifier>{73944bdf-67c4-4430-9c6f-0b7eed45974f}</UniqueIdentifier>
    </Filter>
    <Filter Include="소스 파일\components\collision">
      <UniqueIdentifier>{baaf5c72-8991-4ba5-b5de-18300ff38b19}</UniqueIdentifier>
    </Filter>
  </ItemGroup>
  <ItemGroup>
    <ClCompile Include="src\main.cpp">
      <Filter>소스 파일</Filter>
    </ClCompile>
    <ClCompile Include="src\Entity.cpp">
      <Filter>소스 파일</Filter>
    </ClCompile>
    <ClCompile Include="src\Transform.cpp">
      <Filter>소스 파일</Filter>
    </ClCompile>
    <ClCompile Include="src\Control\Control.cpp">
      <Filter>소스 파일\src\control</Filter>
    </ClCompile>
    <ClCompile Include="src\Control\ControlDown.cpp">
      <Filter>소스 파일\src\control</Filter>
    </ClCompile>
    <ClCompile Include="src\Control\ControlOnce.cpp">
      <Filter>소스 파일\src\control</Filter>
    </ClCompile>
    <ClCompile Include="src\Control\InputManager.cpp">
      <Filter>소스 파일\src\control</Filter>
    </ClCompile>
    <ClCompile Include="src\Resource\Model.cpp">
      <Filter>소스 파일\src\Resource</Filter>
    </ClCompile>
    <ClCompile Include="src\Resource\ModelManager.cpp">
      <Filter>소스 파일\src\Resource</Filter>
    </ClCompile>
    <ClCompile Include="src\Resource\Texture.cpp">
      <Filter>소스 파일\src\Resource</Filter>
    </ClCompile>
    <ClCompile Include="src\Resource\TextureManager.cpp">
      <Filter>소스 파일\src\Resource</Filter>
    </ClCompile>
    <ClCompile Include="src\TransformBuilder.cpp">
      <Filter>소스 파일</Filter>
    </ClCompile>
    <ClCompile Include="src\Camera\Camera.cpp">
      <Filter>소스 파일\src\camera</Filter>
    </ClCompile>
    <ClCompile Include="src\Camera\CameraBuilder.cpp">
      <Filter>소스 파일\src\camera</Filter>
    </ClCompile>
    <ClCompile Include="src\Render\RSkybox.cpp">
      <Filter>소스 파일\src\renderer</Filter>
    </ClCompile>
    <ClCompile Include="stdafx.cpp">
      <Filter>소스 파일\preComplie</Filter>
    </ClCompile>
    <ClCompile Include="src\3rdParty\ObjectLoader\objectLoader.cpp">
      <Filter>소스 파일\3rd</Filter>
    </ClCompile>
    <ClCompile Include="src\3rdParty\ObjectLoader\vboindexer.cpp">
      <Filter>소스 파일\3rd</Filter>
    </ClCompile>
    <ClCompile Include="src\3rdParty\ShaderLoader\shader.cpp">
      <Filter>소스 파일\3rd</Filter>
    </ClCompile>
    <ClCompile Include="src\3rdParty\TextureLoader\textureLoader.cpp">
      <Filter>소스 파일\3rd</Filter>
    </ClCompile>
    <ClCompile Include="src\RenderTarget\Skybox\SkyboxTexture.cpp">
      <Filter>소스 파일\src\renderTarget\skybox</Filter>
    </ClCompile>
    <ClCompile Include="src\RenderTarget\Normal\NormalFObj.cpp">
      <Filter>소스 파일</Filter>
    </ClCompile>
    <ClCompile Include="src\Render\RNormal.cpp">
      <Filter>소스 파일\src\renderer</Filter>
    </ClCompile>
    <ClCompile Include="LightManager.cpp">
      <Filter>소스 파일</Filter>
    </ClCompile>
    <ClCompile Include="RigidbodyComponent.cpp">
      <Filter>소스 파일</Filter>
    </ClCompile>
    <ClCompile Include="src\RenderTarget\Skybox\SkyboxModel.cpp">
      <Filter>소스 파일</Filter>
    </ClCompile>
    <ClCompile Include="TextFObj.cpp">
      <Filter>소스 파일</Filter>
    </ClCompile>
    <ClCompile Include="TextBuffer.cpp">
      <Filter>소스 파일</Filter>
    </ClCompile>
    <ClCompile Include="origin\CircularBuffer.cpp">
      <Filter>소스 파일\origin</Filter>
    </ClCompile>
    <ClCompile Include="origin\FastSpinlock.cpp">
      <Filter>소스 파일\origin</Filter>
    </ClCompile>
    <ClCompile Include="src\Shader\ShaderObj.cpp">
      <Filter>소스 파일\src\shader</Filter>
    </ClCompile>
    <ClCompile Include="origin\LockOrderChecker.cpp">
      <Filter>소스 파일\origin</Filter>
    </ClCompile>
    <ClCompile Include="origin\ThreadLocal.cpp">
      <Filter>소스 파일\origin</Filter>
    </ClCompile>
    <ClCompile Include="origin\Exception.cpp">
      <Filter>소스 파일\origin</Filter>
    </ClCompile>
    <ClCompile Include="origin\MemoryPool.cpp">
      <Filter>소스 파일\origin</Filter>
    </ClCompile>
    <ClCompile Include="ParticleBuffer.cpp">
      <Filter>소스 파일\src\Resource\Buffer</Filter>
    </ClCompile>
    <ClCompile Include="ParticleStruct.cpp">
      <Filter>소스 파일\src\Resource\structs</Filter>
    </ClCompile>
    <ClCompile Include="RText.cpp">
      <Filter>소스 파일\src\renderer</Filter>
    </ClCompile>
    <ClCompile Include="src\Sound\ALSource.cpp">
      <Filter>소스 파일\src\sound</Filter>
    </ClCompile>
    <ClCompile Include="src\Sound\ALListener.cpp">
      <Filter>소스 파일\src\sound</Filter>
    </ClCompile>
    <ClCompile Include="src\Sound\ALManager.cpp">
      <Filter>소스 파일\src\sound</Filter>
    </ClCompile>
    <ClCompile Include="src\Sound\ALSound.cpp">
      <Filter>소스 파일\src\sound</Filter>
    </ClCompile>
    <ClCompile Include="Option.cpp">
      <Filter>소스 파일\src\option</Filter>
    </ClCompile>
    <ClCompile Include="ParticleCreateInfo.cpp">
      <Filter>소스 파일\src\particle</Filter>
    </ClCompile>
    <ClCompile Include="RParticle.cpp">
      <Filter>소스 파일\src\renderer</Filter>
    </ClCompile>
    <ClCompile Include="ParticleFObj.cpp">
      <Filter>소스 파일</Filter>
    </ClCompile>
    <ClCompile Include="src\window.cpp">
      <Filter>소스 파일</Filter>
    </ClCompile>
    <ClCompile Include="src\Shader\ShaderManager.cpp">
      <Filter>소스 파일\src\shader</Filter>
    </ClCompile>
    <ClCompile Include="RBox.cpp">
      <Filter>소스 파일</Filter>
    </ClCompile>
    <ClCompile Include="UIEntity.cpp">
      <Filter>소스 파일</Filter>
    </ClCompile>
    <ClCompile Include="ShadowBufferTextureShader.cpp">
      <Filter>소스 파일\src\Resource\ShadowOld</Filter>
    </ClCompile>
    <ClCompile Include="RenderManager.cpp">
      <Filter>소스 파일</Filter>
    </ClCompile>
    <ClCompile Include="ImageBox.cpp">
      <Filter>소스 파일</Filter>
    </ClCompile>
    <ClCompile Include="Enemy.cpp">
      <Filter>소스 파일\GameScene\GameObjects</Filter>
    </ClCompile>
    <ClCompile Include="Player.cpp">
      <Filter>소스 파일\GameScene\GameObjects</Filter>
    </ClCompile>
    <ClCompile Include="OBBCollisionComp.cpp">
      <Filter>소스 파일</Filter>
    </ClCompile>
    <ClCompile Include="CollisionComponentManager.cpp">
      <Filter>소스 파일</Filter>
    </ClCompile>
    <ClCompile Include="src\Camera\CameraManager.cpp">
      <Filter>소스 파일\src\camera</Filter>
    </ClCompile>
    <ClCompile Include="RigidbodyComponentManager.cpp">
      <Filter>소스 파일</Filter>
    </ClCompile>
    <ClCompile Include="SkyboxGObject.cpp">
      <Filter>소스 파일</Filter>
    </ClCompile>
    <ClCompile Include="Scene.cpp">
      <Filter>소스 파일</Filter>
    </ClCompile>
    <ClCompile Include="Canvas.cpp">
      <Filter>소스 파일</Filter>
    </ClCompile>
    <ClCompile Include="GameSession.cpp">
      <Filter>소스 파일</Filter>
    </ClCompile>
    <ClCompile Include="TextBox.cpp">
      <Filter>소스 파일</Filter>
    </ClCompile>
    <ClCompile Include="Box.cpp">
      <Filter>소스 파일\Menus</Filter>
    </ClCompile>
    <ClCompile Include="src\RenderTarget\Skybox\SkyboxFObj.cpp">
      <Filter>소스 파일</Filter>
    </ClCompile>
  </ItemGroup>
  <ItemGroup>
    <ClInclude Include="src\window.h">
      <Filter>소스 파일</Filter>
    </ClInclude>
    <ClInclude Include="src\Entity.h">
      <Filter>소스 파일</Filter>
    </ClInclude>
    <ClInclude Include="src\Transform.h">
      <Filter>소스 파일</Filter>
    </ClInclude>
    <ClInclude Include="src\Control\Control.h">
      <Filter>소스 파일\src\control</Filter>
    </ClInclude>
    <ClInclude Include="src\Control\ControlDown.h">
      <Filter>소스 파일\src\control</Filter>
    </ClInclude>
    <ClInclude Include="src\Control\ControlOnce.h">
      <Filter>소스 파일\src\control</Filter>
    </ClInclude>
    <ClInclude Include="src\Control\InputManager.h">
      <Filter>소스 파일\src\control</Filter>
    </ClInclude>
    <ClInclude Include="src\Shader\ShaderManager.h">
      <Filter>소스 파일\src\shader</Filter>
    </ClInclude>
    <ClInclude Include="src\Shader\ShaderObj.h">
      <Filter>소스 파일\src\shader</Filter>
    </ClInclude>
    <ClInclude Include="src\Shader\ShaderMain.h">
      <Filter>소스 파일\src\shader</Filter>
    </ClInclude>
    <ClInclude Include="src\Shader\ShaderShadow.h">
      <Filter>소스 파일\src\shader</Filter>
    </ClInclude>
    <ClInclude Include="src\Shader\ShaderSkybox.h">
      <Filter>소스 파일\src\shader</Filter>
    </ClInclude>
    <ClInclude Include="src\Shader\ShaderText.h">
      <Filter>소스 파일\src\shader</Filter>
    </ClInclude>
    <ClInclude Include="src\Resource\Model.h">
      <Filter>소스 파일\src\Resource</Filter>
    </ClInclude>
    <ClInclude Include="src\Resource\ModelManager.h">
      <Filter>소스 파일\src\Resource</Filter>
    </ClInclude>
    <ClInclude Include="src\Resource\Texture.h">
      <Filter>소스 파일\src\Resource</Filter>
    </ClInclude>
    <ClInclude Include="src\Resource\TextureManager.h">
      <Filter>소스 파일\src\Resource</Filter>
    </ClInclude>
    <ClInclude Include="src\Render\RSkybox.h">
      <Filter>소스 파일\src\renderer</Filter>
    </ClInclude>
    <ClInclude Include="src\Shader\ShaderHeader.h">
      <Filter>소스 파일\src\shader</Filter>
    </ClInclude>
    <ClInclude Include="src\RenderTarget\Skybox\SkyboxModel.h">
      <Filter>소스 파일\src\renderTarget\skybox</Filter>
    </ClInclude>
    <ClInclude Include="src\RenderTarget\Skybox\SkyboxTexture.h">
      <Filter>소스 파일\src\renderTarget\skybox</Filter>
    </ClInclude>
    <ClInclude Include="src\RenderTarget\Skybox\SkyboxFObj.h">
      <Filter>소스 파일\src\renderTarget\skybox</Filter>
    </ClInclude>
    <ClInclude Include="src\TransfromBuilder.h">
      <Filter>소스 파일</Filter>
    </ClInclude>
    <ClInclude Include="src\Camera\Camera.h">
      <Filter>소스 파일\src\camera</Filter>
    </ClInclude>
    <ClInclude Include="src\Camera\CameraBuilder.h">
      <Filter>소스 파일\src\camera</Filter>
    </ClInclude>
    <ClInclude Include="stdafx.h">
      <Filter>소스 파일\preComplie</Filter>
    </ClInclude>
    <ClInclude Include="src\3rdParty\ObjectLoader\objectLoader.h">
      <Filter>소스 파일\3rd</Filter>
    </ClInclude>
    <ClInclude Include="src\3rdParty\ObjectLoader\vboindexer.h">
      <Filter>소스 파일\3rd</Filter>
    </ClInclude>
    <ClInclude Include="src\3rdParty\ObjectLoader\Vertex.h">
      <Filter>소스 파일\3rd</Filter>
    </ClInclude>
    <ClInclude Include="src\3rdParty\ShaderLoader\shader.h">
      <Filter>소스 파일\3rd</Filter>
    </ClInclude>
    <ClInclude Include="src\3rdParty\TextureLoader\textureLoader.h">
      <Filter>소스 파일\3rd</Filter>
    </ClInclude>
    <ClInclude Include="src\Render\RNormal.h">
      <Filter>소스 파일\src\renderer</Filter>
    </ClInclude>
    <ClInclude Include="LightManager.h">
      <Filter>소스 파일\src\lights</Filter>
    </ClInclude>
    <ClInclude Include="DirectionalLight.h">
      <Filter>소스 파일\src\lights</Filter>
    </ClInclude>
    <ClInclude Include="src\RenderTarget\Normal\NormalFObj.h">
      <Filter>소스 파일\src\renderTarget</Filter>
    </ClInclude>
    <ClInclude Include="TextFObj.h">
      <Filter>소스 파일\src\renderTarget</Filter>
    </ClInclude>
    <ClInclude Include="RText.h">
      <Filter>소스 파일\src\renderer</Filter>
    </ClInclude>
    <ClInclude Include="TextBuffer.h">
      <Filter>소스 파일\src\Resource\Buffer</Filter>
    </ClInclude>
    <ClInclude Include="origin\CircularBuffer.h">
      <Filter>소스 파일\origin</Filter>
    </ClInclude>
    <ClInclude Include="origin\FastSpinlock.h">
      <Filter>소스 파일\origin</Filter>
    </ClInclude>
    <ClInclude Include="origin\LockOrderChecker.h">
      <Filter>소스 파일\origin</Filter>
    </ClInclude>
    <ClInclude Include="origin\ThreadLocal.h">
      <Filter>소스 파일\origin</Filter>
    </ClInclude>
    <ClInclude Include="origin\Exception.h">
      <Filter>소스 파일\origin</Filter>
    </ClInclude>
    <ClInclude Include="origin\MemoryPool.h">
      <Filter>소스 파일\origin</Filter>
    </ClInclude>
    <ClInclude Include="origin\ObjectPool.h">
      <Filter>소스 파일\origin</Filter>
    </ClInclude>
    <ClInclude Include="origin\SyncExecutable.h">
      <Filter>소스 파일\origin</Filter>
    </ClInclude>
    <ClInclude Include="origin\TypeTraits.h">
      <Filter>소스 파일\origin</Filter>
    </ClInclude>
    <ClInclude Include="origin\XTL.h">
      <Filter>소스 파일\origin</Filter>
    </ClInclude>
    <ClInclude Include="light.h">
      <Filter>소스 파일\src\lights</Filter>
    </ClInclude>
    <ClInclude Include="ParticleBuffer.h">
      <Filter>소스 파일\src\Resource\Buffer</Filter>
    </ClInclude>
    <ClInclude Include="ParticleStruct.h">
      <Filter>소스 파일\src\Resource\structs</Filter>
    </ClInclude>
    <ClInclude Include="configs.h">
      <Filter>소스 파일\src\config</Filter>
    </ClInclude>
    <ClInclude Include="src\Sound\ALListener.h">
      <Filter>소스 파일\src\sound</Filter>
    </ClInclude>
    <ClInclude Include="src\Sound\ALManager.h">
      <Filter>소스 파일\src\sound</Filter>
    </ClInclude>
    <ClInclude Include="src\Sound\ALSound.h">
      <Filter>소스 파일\src\sound</Filter>
    </ClInclude>
    <ClInclude Include="src\Sound\ALSource.h">
      <Filter>소스 파일\src\sound</Filter>
    </ClInclude>
    <ClInclude Include="Option.h">
      <Filter>소스 파일\src\option</Filter>
    </ClInclude>
    <ClInclude Include="ParticleCreateInfo.h">
      <Filter>소스 파일\src\particle</Filter>
    </ClInclude>
    <ClInclude Include="RParticle.h">
      <Filter>소스 파일\src\renderer</Filter>
    </ClInclude>
    <ClInclude Include="ParticleFObj.h">
      <Filter>소스 파일\src\renderTarget</Filter>
    </ClInclude>
    <ClInclude Include="src\Shader\ShaderParticle.h">
      <Filter>소스 파일\src\shader</Filter>
    </ClInclude>
    <ClInclude Include="TextBox.h">
      <Filter>소스 파일\Menus</Filter>
    </ClInclude>
    <ClInclude Include="ImageBox.h">
      <Filter>소스 파일\Menus</Filter>
    </ClInclude>
    <ClInclude Include="RBox.h">
      <Filter>소스 파일\src\renderer</Filter>
    </ClInclude>
    <ClInclude Include="UIEntity.h">
      <Filter>소스 파일</Filter>
    </ClInclude>
    <ClInclude Include="RenderManager.h">
      <Filter>소스 파일\src\renderer</Filter>
    </ClInclude>
    <ClInclude Include="ShadowBufferTextureShader.h">
      <Filter>소스 파일\src\Resource\ShadowOld</Filter>
    </ClInclude>
    <ClInclude Include="Enemy.h">
      <Filter>소스 파일\GameScene\GameObjects</Filter>
    </ClInclude>
    <ClInclude Include="Player.h">
      <Filter>소스 파일\GameScene\GameObjects</Filter>
    </ClInclude>
    <ClInclude Include="CollisionComponent.h">
      <Filter>소스 파일\components\collision</Filter>
    </ClInclude>
    <ClInclude Include="CollisionComponentManager.h">
      <Filter>소스 파일\components\collision</Filter>
    </ClInclude>
    <ClInclude Include="OBBCollisionComp.h">
      <Filter>소스 파일\components\collision</Filter>
    </ClInclude>
    <ClInclude Include="Octree.h">
      <Filter>소스 파일\components\collision</Filter>
    </ClInclude>
    <ClInclude Include="src\Camera\CameraManager.h">
      <Filter>소스 파일\src\camera</Filter>
    </ClInclude>
    <ClInclude Include="RRender.h">
      <Filter>소스 파일\src\renderer\Parent</Filter>
    </ClInclude>
    <ClInclude Include="Fobj.h">
      <Filter>소스 파일\src\renderTarget</Filter>
    </ClInclude>
    <ClInclude Include="RigidbodyComponentManager.h">
      <Filter>소스 파일\components</Filter>
    </ClInclude>
    <ClInclude Include="RigidbodyComponent.h">
      <Filter>소스 파일\components</Filter>
    </ClInclude>
    <ClInclude Include="SkyboxGObject.h">
      <Filter>소스 파일\GameScene\GameObjects</Filter>
    </ClInclude>
    <ClInclude Include="Scene.h">
      <Filter>소스 파일\GameScene</Filter>
    </ClInclude>
    <ClInclude Include="Canvas.h">
      <Filter>소스 파일\Menus</Filter>
    </ClInclude>
    <ClInclude Include="GameSession.h">
      <Filter>소스 파일\GameScene</Filter>
    </ClInclude>
    <ClInclude Include="Box.h">
      <Filter>소스 파일\Menus</Filter>
    </ClInclude>
  </ItemGroup>
  <ItemGroup>
    <None Include="data\Shader\DepthRTT.fragmentshader">
      <Filter>리소스 파일\shaders</Filter>
    </None>
    <None Include="data\Shader\DepthRTT.vertexshader">
      <Filter>리소스 파일\shaders</Filter>
    </None>
    <None Include="data\Shader\Particle.fragmentshader">
      <Filter>리소스 파일\shaders</Filter>
    </None>
    <None Include="data\Shader\Particle.vertexshader">
      <Filter>리소스 파일\shaders</Filter>
    </None>
    <None Include="data\Shader\Passthrough.vertexshader">
      <Filter>리소스 파일\shaders</Filter>
    </None>
    <None Include="data\Shader\ShadowMapping.fragmentshader">
      <Filter>리소스 파일\shaders</Filter>
    </None>
    <None Include="data\Shader\ShadowMapping.vertexshader">
      <Filter>리소스 파일\shaders</Filter>
    </None>
    <None Include="data\Shader\ShadowMapping_SimpleVersion.fragmentshader">
      <Filter>리소스 파일\shaders</Filter>
    </None>
    <None Include="data\Shader\ShadowMapping_SimpleVersion.vertexshader">
      <Filter>리소스 파일\shaders</Filter>
    </None>
    <None Include="data\Shader\Simple.fragmentshader">
      <Filter>리소스 파일\shaders</Filter>
    </None>
    <None Include="data\Shader\Simple.vertexshader">
      <Filter>리소스 파일\shaders</Filter>
    </None>
    <None Include="data\Shader\SimpleTexture.fragmentshader">
      <Filter>리소스 파일\shaders</Filter>
    </None>
    <None Include="data\Shader\SkyboxMapping.fragmentshader">
      <Filter>리소스 파일\shaders</Filter>
    </None>
    <None Include="data\Shader\SkyboxMapping.vertexshader">
      <Filter>리소스 파일\shaders</Filter>
    </None>
    <None Include="data\Shader\TextVertexShader.fragmentshader">
      <Filter>리소스 파일\shaders</Filter>
    </None>
    <None Include="data\Shader\TextVertexShader.vertexshader">
      <Filter>리소스 파일\shaders</Filter>
    </None>
  </ItemGroup>
</Project>