<?xml version="1.0" encoding="utf-8"?>
<Project ToolsVersion="4.0" xmlns="http://schemas.microsoft.com/developer/msbuild/2003">
  <ItemGroup>
    <Filter Include="소스 파일">
      <UniqueIdentifier>{4FC737F1-C7A5-4376-A066-2A32D752A2FF}</UniqueIdentifier>
      <Extensions>cpp;c;cc;cxx;def;odl;idl;hpj;bat;asm;asmx</Extensions>
    </Filter>
    <Filter Include="헤더 파일">
      <UniqueIdentifier>{93995380-89BD-4b04-88EB-625FBE52EBFB}</UniqueIdentifier>
      <Extensions>h;hh;hpp;hxx;hm;inl;inc;xsd</Extensions>
    </Filter>
    <Filter Include="리소스 파일">
      <UniqueIdentifier>{67DA6AB6-F800-4c08-8B7A-83BB121AAD01}</UniqueIdentifier>
      <Extensions>rc;ico;cur;bmp;dlg;rc2;rct;bin;rgs;gif;jpg;jpeg;jpe;resx;tiff;tif;png;wav;mfcribbon-ms</Extensions>
    </Filter>
    <Filter Include="소스 파일\3rd">
      <UniqueIdentifier>{5bbe71f2-a890-4526-8b19-71bac6e542d1}</UniqueIdentifier>
    </Filter>
    <Filter Include="소스 파일\src">
      <UniqueIdentifier>{cad0aff8-d7ff-4308-a3ba-f7a1c107e289}</UniqueIdentifier>
    </Filter>
    <Filter Include="소스 파일\src\control">
      <UniqueIdentifier>{fcbf0dbd-01b3-4696-a583-97ff7987e0e8}</UniqueIdentifier>
    </Filter>
    <Filter Include="소스 파일\src\message">
      <UniqueIdentifier>{169376f8-7f8e-491b-8a64-5cb224443995}</UniqueIdentifier>
    </Filter>
    <Filter Include="소스 파일\src\particle">
      <UniqueIdentifier>{5f9f6c13-6383-47bd-9fca-2026fdaee365}</UniqueIdentifier>
    </Filter>
    <Filter Include="소스 파일\src\shader">
      <UniqueIdentifier>{a28b0359-aa7e-40d5-9807-70084592ebf7}</UniqueIdentifier>
    </Filter>
    <Filter Include="소스 파일\src\sound">
      <UniqueIdentifier>{843d4484-56f7-4870-94c6-b4def63973ee}</UniqueIdentifier>
    </Filter>
    <Filter Include="소스 파일\src\text">
      <UniqueIdentifier>{f05b1f27-3db8-4f0e-a242-e08bbe61f160}</UniqueIdentifier>
    </Filter>
    <Filter Include="소스 파일\src\texture">
      <UniqueIdentifier>{1ffcadd5-a30a-4678-aa38-1455f36c0e98}</UniqueIdentifier>
    </Filter>
    <Filter Include="소스 파일\src\Resource">
      <UniqueIdentifier>{a6378624-00c4-45e2-9099-75e713b2bcdc}</UniqueIdentifier>
    </Filter>
    <Filter Include="소스 파일\src\renderer">
      <UniqueIdentifier>{e35ecec4-0a5a-4f0f-961c-00cc1b22dc32}</UniqueIdentifier>
    </Filter>
    <Filter Include="소스 파일\src\renderTarget">
      <UniqueIdentifier>{ef1b8173-8132-45f5-8baf-9b8520d2bafe}</UniqueIdentifier>
    </Filter>
    <Filter Include="소스 파일\src\renderTarget\skybox">
      <UniqueIdentifier>{87ce1b31-d454-4f86-99fe-ff974e8b5cc5}</UniqueIdentifier>
    </Filter>
    <Filter Include="소스 파일\src\camera">
      <UniqueIdentifier>{ea747bb8-f27b-4298-b4c9-d6aba16833cc}</UniqueIdentifier>
    </Filter>
    <Filter Include="소스 파일\preComplie">
      <UniqueIdentifier>{66753c7b-7a26-4a64-9259-f291b80c1b37}</UniqueIdentifier>
    </Filter>
    <Filter Include="소스 파일\src\lights">
      <UniqueIdentifier>{1a71e95d-a002-4b35-88ed-fd5f281ad41c}</UniqueIdentifier>
    </Filter>
    <Filter Include="소스 파일\components">
      <UniqueIdentifier>{73886d1b-7ee0-4aa6-be10-07f6e4cdc076}</UniqueIdentifier>
    </Filter>
    <Filter Include="소스 파일\src\Resource\Buffer">
      <UniqueIdentifier>{2df57526-623d-4159-a954-7f2ce418cb32}</UniqueIdentifier>
    </Filter>
    <Filter Include="소스 파일\origin">
      <UniqueIdentifier>{fac8985c-5a52-49aa-b565-77a0c3551c6f}</UniqueIdentifier>
    </Filter>
    <Filter Include="리소스 파일\shaders">
      <UniqueIdentifier>{7b3e5204-1fb0-4796-8b8f-034ef7ef2f02}</UniqueIdentifier>
    </Filter>
    <Filter Include="소스 파일\src\Resource\structs">
      <UniqueIdentifier>{c920cf81-4627-461b-a30e-1961dd65dc71}</UniqueIdentifier>
    </Filter>
    <Filter Include="소스 파일\src\config">
      <UniqueIdentifier>{534c46ff-7c05-45a6-86fd-e11f9a9672c7}</UniqueIdentifier>
    </Filter>
    <Filter Include="소스 파일\src\option">
      <UniqueIdentifier>{a0187a7c-252f-493a-ad08-431adad4b452}</UniqueIdentifier>
    </Filter>
    <Filter Include="소스 파일\Menus">
      <UniqueIdentifier>{fbd7820d-fedc-4356-a61a-0e046ec2d807}</UniqueIdentifier>
    </Filter>
    <Filter Include="소스 파일\GameScene">
      <UniqueIdentifier>{698321eb-9503-4dc3-90a4-0b85a6a09785}</UniqueIdentifier>
    </Filter>
    <Filter Include="소스 파일\src\renderer\Parent">
      <UniqueIdentifier>{0ef5e8c6-7991-4ccf-812b-88a3836cd875}</UniqueIdentifier>
    </Filter>
    <Filter Include="소스 파일\GameScene\GameObjects">
      <UniqueIdentifier>{73944bdf-67c4-4430-9c6f-0b7eed45974f}</UniqueIdentifier>
    </Filter>
    <Filter Include="소스 파일\components\collision">
      <UniqueIdentifier>{baaf5c72-8991-4ba5-b5de-18300ff38b19}</UniqueIdentifier>
    </Filter>
    <Filter Include="소스 파일\components\collision\collisionInfo">
      <UniqueIdentifier>{49ce33ad-128b-496e-952f-b4a23d861e74}</UniqueIdentifier>
    </Filter>
    <Filter Include="소스 파일\GameScene\GameObjects\backup">
      <UniqueIdentifier>{a6600926-39a6-48d3-9eeb-f2bb667556c2}</UniqueIdentifier>
    </Filter>
    <Filter Include="소스 파일\GameScene\GameObjects\particle">
      <UniqueIdentifier>{0d2fabd0-f9d9-46d3-8fbc-f97aa0e54875}</UniqueIdentifier>
    </Filter>
    <Filter Include="소스 파일\GameScene\UIObjects">
      <UniqueIdentifier>{5a2bf96a-8b2d-4462-9c94-32a852d2d8d3}</UniqueIdentifier>
    </Filter>
    <Filter Include="소스 파일\components\frustum">
      <UniqueIdentifier>{04448d8f-3396-43f1-892b-cfc1b2a86718}</UniqueIdentifier>
    </Filter>
    <Filter Include="소스 파일\GameScene\GameObjects\plane">
      <UniqueIdentifier>{b8807291-eec8-4c55-909e-58532b5fe29a}</UniqueIdentifier>
    </Filter>
    <Filter Include="소스 파일\GameScene\GameObjects\plane\user">
      <UniqueIdentifier>{6524fd5a-a959-4b88-a01b-28fa87ce978a}</UniqueIdentifier>
    </Filter>
    <Filter Include="소스 파일\GameScene\GameObjects\plane\missile">
      <UniqueIdentifier>{aa8c4c2f-eead-435e-95b3-5f45e2646c63}</UniqueIdentifier>
    </Filter>
    <Filter Include="소스 파일\GameScene\GameObjects\plane\missile\generator">
      <UniqueIdentifier>{04d226d9-89cc-4d77-a4ff-2e6826a2adc5}</UniqueIdentifier>
    </Filter>
    <Filter Include="소스 파일\GameScene\GameObjects\plane\missile\generator\gen">
      <UniqueIdentifier>{9c879573-a8db-4e0a-89e8-29cdb7a24be6}</UniqueIdentifier>
    </Filter>
    <Filter Include="소스 파일\GameScene\GameObjects\plane\missile\missileObjs">
      <UniqueIdentifier>{92ad1392-87df-4179-8526-6ebdb17ad325}</UniqueIdentifier>
    </Filter>
    <Filter Include="소스 파일\GameScene\GameObjects\plane\missile\infos">
      <UniqueIdentifier>{9b6279b3-e237-4063-b5d6-f08a308faa1f}</UniqueIdentifier>
    </Filter>
    <Filter Include="소스 파일\GameScene\GameObjects\plane\missile\infos\normal">
      <UniqueIdentifier>{db37b262-bdfc-456a-8dd6-e6ea4b08c110}</UniqueIdentifier>
    </Filter>
    <Filter Include="소스 파일\GameScene\GameObjects\plane\missile\state">
      <UniqueIdentifier>{a0e58c33-b6ae-44e0-948e-10fa54ba41b9}</UniqueIdentifier>
    </Filter>
    <Filter Include="소스 파일\GameScene\GameObjects\plane\missile\state\specifiedStates">
      <UniqueIdentifier>{0e1eafee-3355-4397-bb0d-9ee73aa95060}</UniqueIdentifier>
    </Filter>
    <Filter Include="소스 파일\GameScene\GameObjects\fieldItem">
      <UniqueIdentifier>{9897ef2b-a057-4421-a059-ec5a19ef46c5}</UniqueIdentifier>
    </Filter>
    <Filter Include="소스 파일\GameScene\GameObjects\fieldItem\BuffList">
      <UniqueIdentifier>{b1f222f2-3a7c-4e99-a40d-9be3dbdee699}</UniqueIdentifier>
    </Filter>
    <Filter Include="소스 파일\GameScene\GameObjects\fieldItem\ItemList">
      <UniqueIdentifier>{258c3565-09e5-43c8-b347-85956d08cbed}</UniqueIdentifier>
    </Filter>
    <Filter Include="소스 파일\GameScene\GameObjects\fieldItem\ItemList\otherTarget">
      <UniqueIdentifier>{21b3b279-3460-4371-b172-079671e83a14}</UniqueIdentifier>
    </Filter>
    <Filter Include="소스 파일\GameScene\GameObjects\fieldItem\ItemList\selfTarget">
      <UniqueIdentifier>{8349d3c3-8827-4985-bfbd-bd3c0fb1afe4}</UniqueIdentifier>
    </Filter>
    <Filter Include="소스 파일\GameScene\GameObjects\fieldItem\ItemList\teamTarget">
      <UniqueIdentifier>{82267b82-78d6-45ce-98fb-51c642f69352}</UniqueIdentifier>
    </Filter>
    <Filter Include="소스 파일\GameScene\GameObjects\fieldItem\BuffList\otherTarget">
      <UniqueIdentifier>{da9f3a36-a1b6-45d6-b63f-50ff0bd400ed}</UniqueIdentifier>
    </Filter>
    <Filter Include="소스 파일\GameScene\GameObjects\fieldItem\BuffList\selfTarget">
      <UniqueIdentifier>{dc024dde-ffa3-4bee-9ca4-8868d4cff96b}</UniqueIdentifier>
    </Filter>
    <Filter Include="소스 파일\GameScene\GameObjects\fieldItem\BuffList\teamTarget">
      <UniqueIdentifier>{a13302e2-70fc-4d40-bee7-29a31aaa941b}</UniqueIdentifier>
    </Filter>
    <Filter Include="소스 파일\src\lights\shaderBuffer">
      <UniqueIdentifier>{1b36cbe8-b312-4bed-9dfe-bcc9cc0dbd83}</UniqueIdentifier>
    </Filter>
    <Filter Include="소스 파일\src\lights\manager">
      <UniqueIdentifier>{ec67d4b0-1722-4e21-8683-66d5ae03c099}</UniqueIdentifier>
    </Filter>
    <Filter Include="소스 파일\src\lights\lights">
      <UniqueIdentifier>{a4c5452f-caf1-4a4a-b81c-291c643a9ea2}</UniqueIdentifier>
    </Filter>
    <Filter Include="소스 파일\src\lights\manager\interface">
      <UniqueIdentifier>{3d6ff3d6-9bcc-4344-a980-1d94b5872392}</UniqueIdentifier>
    </Filter>
    <Filter Include="소스 파일\src\lights\manager\withEntity">
      <UniqueIdentifier>{f37682fa-bd8d-422a-bc5b-4445d40c89a6}</UniqueIdentifier>
    </Filter>
    <Filter Include="소스 파일\src\lights\manager\withNoEntity">
      <UniqueIdentifier>{eeb4f3af-2801-4795-936f-2894e2596760}</UniqueIdentifier>
    </Filter>
    <Filter Include="소스 파일\GameScene\GameObjects\GOComponent">
      <UniqueIdentifier>{67c3c132-87ed-4226-9ba7-adcf3be6b003}</UniqueIdentifier>
    </Filter>
    <Filter Include="소스 파일\src\renderTarget\particle">
      <UniqueIdentifier>{ead8e588-13ad-42e9-806e-60fc47f386d8}</UniqueIdentifier>
    </Filter>
    <Filter Include="소스 파일\src\Resource\ShadowAndLight">
      <UniqueIdentifier>{28edb467-40ed-4808-9296-1f959aa95280}</UniqueIdentifier>
    </Filter>
    <Filter Include="리소스 파일\shaders\GBuffer">
      <UniqueIdentifier>{fc7ca07d-2953-4216-bcee-fa6a7dfc018d}</UniqueIdentifier>
    </Filter>
    <Filter Include="소스 파일\src\Resource\GBuffer">
      <UniqueIdentifier>{52ce19f5-58fe-44ff-a4a5-32524bf4d73d}</UniqueIdentifier>
    </Filter>
    <Filter Include="소스 파일\FrustumFObj">
      <UniqueIdentifier>{86d51a40-8b22-4e37-8f6c-7c16224b5389}</UniqueIdentifier>
    </Filter>
    <Filter Include="소스 파일\src\Resource\GBuffer\PostEffect">
      <UniqueIdentifier>{e9410d65-2f09-4bad-ac6c-2124ee12c893}</UniqueIdentifier>
    </Filter>
    <Filter Include="소스 파일\src\shader\GBuffer">
      <UniqueIdentifier>{da2aff5e-2ad7-47b1-b530-84128a81fc74}</UniqueIdentifier>
    </Filter>
    <Filter Include="소스 파일\src\shader\PostPipeline">
      <UniqueIdentifier>{aa32f2f3-9825-49b2-9eef-b583922c29d7}</UniqueIdentifier>
    </Filter>
    <Filter Include="리소스 파일\shaders\postPipeline">
      <UniqueIdentifier>{7f178407-e4d9-4222-be90-246e3a388ca9}</UniqueIdentifier>
    </Filter>
    <Filter Include="리소스 파일\shaders\textureRender">
      <UniqueIdentifier>{49e06903-db99-4174-91d7-bdcf3a7a7772}</UniqueIdentifier>
    </Filter>
    <Filter Include="소스 파일\preComplie\vectorLikeList">
      <UniqueIdentifier>{36255e45-3c5f-4bd1-95a3-dac0882d39d6}</UniqueIdentifier>
    </Filter>
    <Filter Include="소스 파일\3rd\clientNetwork">
      <UniqueIdentifier>{2cfe1392-de2d-471c-b638-b4f5e4a53ba0}</UniqueIdentifier>
    </Filter>
  </ItemGroup>
  <ItemGroup>
    <ClCompile Include="src\main.cpp">
      <Filter>소스 파일</Filter>
    </ClCompile>
    <ClCompile Include="src\Entity.cpp">
      <Filter>소스 파일</Filter>
    </ClCompile>
    <ClCompile Include="src\Control\Control.cpp">
      <Filter>소스 파일\src\control</Filter>
    </ClCompile>
    <ClCompile Include="src\Control\ControlDown.cpp">
      <Filter>소스 파일\src\control</Filter>
    </ClCompile>
    <ClCompile Include="src\Control\ControlOnce.cpp">
      <Filter>소스 파일\src\control</Filter>
    </ClCompile>
    <ClCompile Include="src\Control\InputManager.cpp">
      <Filter>소스 파일\src\control</Filter>
    </ClCompile>
    <ClCompile Include="src\Resource\Model.cpp">
      <Filter>소스 파일\src\Resource</Filter>
    </ClCompile>
    <ClCompile Include="src\Resource\ModelManager.cpp">
      <Filter>소스 파일\src\Resource</Filter>
    </ClCompile>
    <ClCompile Include="src\Resource\Texture.cpp">
      <Filter>소스 파일\src\Resource</Filter>
    </ClCompile>
    <ClCompile Include="src\Resource\TextureManager.cpp">
      <Filter>소스 파일\src\Resource</Filter>
    </ClCompile>
    <ClCompile Include="src\Camera\Camera.cpp">
      <Filter>소스 파일\src\camera</Filter>
    </ClCompile>
    <ClCompile Include="src\Camera\CameraBuilder.cpp">
      <Filter>소스 파일\src\camera</Filter>
    </ClCompile>
    <ClCompile Include="src\Render\RSkybox.cpp">
      <Filter>소스 파일\src\renderer</Filter>
    </ClCompile>
    <ClCompile Include="stdafx.cpp">
      <Filter>소스 파일\preComplie</Filter>
    </ClCompile>
    <ClCompile Include="src\3rdParty\ObjectLoader\objectLoader.cpp">
      <Filter>소스 파일\3rd</Filter>
    </ClCompile>
    <ClCompile Include="src\3rdParty\ObjectLoader\vboindexer.cpp">
      <Filter>소스 파일\3rd</Filter>
    </ClCompile>
    <ClCompile Include="src\3rdParty\ShaderLoader\shader.cpp">
      <Filter>소스 파일\3rd</Filter>
    </ClCompile>
    <ClCompile Include="src\3rdParty\TextureLoader\textureLoader.cpp">
      <Filter>소스 파일\3rd</Filter>
    </ClCompile>
    <ClCompile Include="src\RenderTarget\Skybox\SkyboxTexture.cpp">
      <Filter>소스 파일\src\renderTarget\skybox</Filter>
    </ClCompile>
    <ClCompile Include="src\RenderTarget\Normal\NormalFObj.cpp">
      <Filter>소스 파일</Filter>
    </ClCompile>
    <ClCompile Include="src\Render\RNormal.cpp">
      <Filter>소스 파일\src\renderer</Filter>
    </ClCompile>
    <ClCompile Include="LightManager.cpp">
      <Filter>소스 파일</Filter>
    </ClCompile>
    <ClCompile Include="RigidbodyComponent.cpp">
      <Filter>소스 파일</Filter>
    </ClCompile>
    <ClCompile Include="src\RenderTarget\Skybox\SkyboxModel.cpp">
      <Filter>소스 파일</Filter>
    </ClCompile>
    <ClCompile Include="TextFObj.cpp">
      <Filter>소스 파일</Filter>
    </ClCompile>
    <ClCompile Include="TextBuffer.cpp">
      <Filter>소스 파일</Filter>
    </ClCompile>
    <ClCompile Include="origin\CircularBuffer.cpp">
      <Filter>소스 파일\origin</Filter>
    </ClCompile>
    <ClCompile Include="origin\FastSpinlock.cpp">
      <Filter>소스 파일\origin</Filter>
    </ClCompile>
    <ClCompile Include="src\Shader\ShaderObj.cpp">
      <Filter>소스 파일\src\shader</Filter>
    </ClCompile>
    <ClCompile Include="origin\LockOrderChecker.cpp">
      <Filter>소스 파일\origin</Filter>
    </ClCompile>
    <ClCompile Include="origin\ThreadLocal.cpp">
      <Filter>소스 파일\origin</Filter>
    </ClCompile>
    <ClCompile Include="origin\Exception.cpp">
      <Filter>소스 파일\origin</Filter>
    </ClCompile>
    <ClCompile Include="origin\MemoryPool.cpp">
      <Filter>소스 파일\origin</Filter>
    </ClCompile>
    <ClCompile Include="ParticleBuffer.cpp">
      <Filter>소스 파일\src\Resource\Buffer</Filter>
    </ClCompile>
    <ClCompile Include="ParticleStruct.cpp">
      <Filter>소스 파일\src\Resource\structs</Filter>
    </ClCompile>
    <ClCompile Include="RText.cpp">
      <Filter>소스 파일\src\renderer</Filter>
    </ClCompile>
    <ClCompile Include="src\Sound\ALSource.cpp">
      <Filter>소스 파일\src\sound</Filter>
    </ClCompile>
    <ClCompile Include="src\Sound\ALListener.cpp">
      <Filter>소스 파일\src\sound</Filter>
    </ClCompile>
    <ClCompile Include="src\Sound\ALManager.cpp">
      <Filter>소스 파일\src\sound</Filter>
    </ClCompile>
    <ClCompile Include="src\Sound\ALSound.cpp">
      <Filter>소스 파일\src\sound</Filter>
    </ClCompile>
    <ClCompile Include="Option.cpp">
      <Filter>소스 파일\src\option</Filter>
    </ClCompile>
    <ClCompile Include="ParticleCreateInfo.cpp">
      <Filter>소스 파일\src\particle</Filter>
    </ClCompile>
    <ClCompile Include="RParticle.cpp">
      <Filter>소스 파일\src\renderer</Filter>
    </ClCompile>
    <ClCompile Include="ParticleFObj.cpp">
      <Filter>소스 파일</Filter>
    </ClCompile>
    <ClCompile Include="src\window.cpp">
      <Filter>소스 파일</Filter>
    </ClCompile>
    <ClCompile Include="src\Shader\ShaderManager.cpp">
      <Filter>소스 파일\src\shader</Filter>
    </ClCompile>
    <ClCompile Include="RBox.cpp">
      <Filter>소스 파일</Filter>
    </ClCompile>
    <ClCompile Include="UIEntity.cpp">
      <Filter>소스 파일</Filter>
    </ClCompile>
    <ClCompile Include="ShadowBufferTextureShader.cpp">
      <Filter>소스 파일\src\Resource\ShadowAndLight</Filter>
    </ClCompile>
    <ClCompile Include="RenderManager.cpp">
      <Filter>소스 파일</Filter>
    </ClCompile>
    <ClCompile Include="ImageBox.cpp">
      <Filter>소스 파일</Filter>
    </ClCompile>
    <ClCompile Include="OBBCollisionComp.cpp">
      <Filter>소스 파일</Filter>
    </ClCompile>
    <ClCompile Include="CollisionComponentManager.cpp">
      <Filter>소스 파일</Filter>
    </ClCompile>
    <ClCompile Include="src\Camera\CameraManager.cpp">
      <Filter>소스 파일\src\camera</Filter>
    </ClCompile>
    <ClCompile Include="RigidbodyComponentManager.cpp">
      <Filter>소스 파일</Filter>
    </ClCompile>
    <ClCompile Include="SkyboxGObject.cpp">
      <Filter>소스 파일</Filter>
    </ClCompile>
    <ClCompile Include="Scene.cpp">
      <Filter>소스 파일</Filter>
    </ClCompile>
    <ClCompile Include="Canvas.cpp">
      <Filter>소스 파일</Filter>
    </ClCompile>
    <ClCompile Include="GameSession.cpp">
      <Filter>소스 파일</Filter>
    </ClCompile>
    <ClCompile Include="TextBox.cpp">
      <Filter>소스 파일</Filter>
    </ClCompile>
    <ClCompile Include="Box.cpp">
      <Filter>소스 파일\Menus</Filter>
    </ClCompile>
    <ClCompile Include="src\RenderTarget\Skybox\SkyboxFObj.cpp">
      <Filter>소스 파일</Filter>
    </ClCompile>
    <ClCompile Include="CollisionInfo.cpp">
      <Filter>소스 파일</Filter>
    </ClCompile>
    <ClCompile Include="IMissile.cpp">
      <Filter>소스 파일</Filter>
    </ClCompile>
    <ClCompile Include="IPlane.cpp">
      <Filter>소스 파일</Filter>
    </ClCompile>
    <ClCompile Include="Player.cpp">
      <Filter>소스 파일\GameScene\GameObjects\plane\user</Filter>
    </ClCompile>
    <ClCompile Include="Enemy.cpp">
      <Filter>소스 파일\GameScene\GameObjects\plane\user</Filter>
    </ClCompile>
    <ClCompile Include="NormalMissile.cpp">
      <Filter>소스 파일</Filter>
    </ClCompile>
    <ClCompile Include="CollisionComponent.cpp">
      <Filter>소스 파일</Filter>
    </ClCompile>
    <ClCompile Include="CommonNormalMissileInfo.cpp">
      <Filter>소스 파일</Filter>
    </ClCompile>
    <ClCompile Include="SpecifiedNormalMissileInfo.cpp">
      <Filter>소스 파일</Filter>
    </ClCompile>
    <ClCompile Include="NormalMissileGenerator.cpp">
      <Filter>소스 파일</Filter>
    </ClCompile>
    <ClCompile Include="CommonMissileState.cpp">
      <Filter>소스 파일</Filter>
    </ClCompile>
    <ClCompile Include="MissileGeneratorStorage.cpp">
      <Filter>소스 파일</Filter>
    </ClCompile>
    <ClCompile Include="IMissileGenerator.cpp">
      <Filter>소스 파일</Filter>
    </ClCompile>
    <ClCompile Include="EmptyMissileGenerator.cpp">
      <Filter>소스 파일</Filter>
    </ClCompile>
    <ClCompile Include="PlayerPlaneBackup.cpp">
      <Filter>소스 파일\GameScene\GameObjects\backup</Filter>
    </ClCompile>
    <ClCompile Include="AABBCollisionComp.cpp">
      <Filter>소스 파일</Filter>
    </ClCompile>
    <ClCompile Include="quatExtension.cpp">
      <Filter>소스 파일</Filter>
    </ClCompile>
    <ClCompile Include="Octree.cpp">
      <Filter>소스 파일</Filter>
    </ClCompile>
    <ClCompile Include="ParticleEntity.cpp">
      <Filter>소스 파일\GameScene\GameObjects\particle</Filter>
    </ClCompile>
    <ClCompile Include="AimTextUIObj.cpp">
      <Filter>소스 파일</Filter>
    </ClCompile>
    <ClCompile Include="Fobj.cpp">
      <Filter>소스 파일</Filter>
    </ClCompile>
    <ClCompile Include="IFieldItem.cpp">
      <Filter>소스 파일</Filter>
    </ClCompile>
    <ClCompile Include="src\Shader\ShaderText.cpp">
      <Filter>소스 파일</Filter>
    </ClCompile>
    <ClCompile Include="OctreeForFrustum.cpp">
      <Filter>소스 파일</Filter>
    </ClCompile>
    <ClCompile Include="IGameObject.cpp">
      <Filter>소스 파일</Filter>
    </ClCompile>
    <ClCompile Include="SpecifiedNormalMissileState.cpp">
      <Filter>소스 파일</Filter>
    </ClCompile>
    <ClCompile Include="ISpecifiedMissileInfo.cpp">
      <Filter>소스 파일</Filter>
    </ClCompile>
    <ClCompile Include="PlaneInfo.cpp">
      <Filter>소스 파일</Filter>
    </ClCompile>
    <ClCompile Include="FieldItemGenerator.cpp">
      <Filter>소스 파일</Filter>
    </ClCompile>
    <ClCompile Include="ItemSpeed.cpp">
      <Filter>소스 파일</Filter>
    </ClCompile>
    <ClCompile Include="IFieldItemForBuff.cpp">
      <Filter>소스 파일</Filter>
    </ClCompile>
    <ClCompile Include="IBuff.cpp">
      <Filter>소스 파일</Filter>
    </ClCompile>
    <ClCompile Include="SpeedBuff.cpp">
      <Filter>소스 파일</Filter>
    </ClCompile>
    <ClCompile Include="BuffSum.cpp">
      <Filter>소스 파일</Filter>
    </ClCompile>
    <ClCompile Include="BuffManager.cpp">
      <Filter>소스 파일</Filter>
    </ClCompile>
    <ClCompile Include="light.cpp">
      <Filter>소스 파일</Filter>
    </ClCompile>
    <ClCompile Include="DirectionalLight.cpp">
      <Filter>소스 파일</Filter>
    </ClCompile>
    <ClCompile Include="DirectionalLightManager.cpp">
      <Filter>소스 파일</Filter>
    </ClCompile>
    <ClCompile Include="ShaderStructDirectionalLight.cpp">
      <Filter>소스 파일</Filter>
    </ClCompile>
    <ClCompile Include="ShaderStructSpotLight.cpp">
      <Filter>소스 파일</Filter>
    </ClCompile>
    <ClCompile Include="ShaderStructPointLight.cpp">
      <Filter>소스 파일</Filter>
    </ClCompile>
    <ClCompile Include="ShaderStructDeferredPointLight.cpp">
      <Filter>소스 파일</Filter>
    </ClCompile>
    <ClCompile Include="DeferredPointLightManager.cpp">
      <Filter>소스 파일</Filter>
    </ClCompile>
    <ClCompile Include="DeferredPointLight.cpp">
      <Filter>소스 파일</Filter>
    </ClCompile>
    <ClCompile Include="LightGameObject.cpp">
      <Filter>소스 파일</Filter>
    </ClCompile>
    <ClCompile Include="LightWithEntity.cpp">
      <Filter>소스 파일</Filter>
    </ClCompile>
    <ClCompile Include="ILightWithEntityManager.cpp">
      <Filter>소스 파일\src\lights\manager\interface</Filter>
    </ClCompile>
    <ClCompile Include="PointLightManager.cpp">
      <Filter>소스 파일</Filter>
    </ClCompile>
    <ClCompile Include="SpotLightManager.cpp">
      <Filter>소스 파일</Filter>
    </ClCompile>
    <ClCompile Include="SpotLight.cpp">
      <Filter>소스 파일</Filter>
    </ClCompile>
    <ClCompile Include="PointLight.cpp">
      <Filter>소스 파일</Filter>
    </ClCompile>
    <ClCompile Include="src\Shader\ShaderMain.cpp">
      <Filter>소스 파일</Filter>
    </ClCompile>
    <ClCompile Include="EntityBinder.cpp">
      <Filter>소스 파일</Filter>
    </ClCompile>
    <ClCompile Include="EntityBindee.cpp">
      <Filter>소스 파일</Filter>
    </ClCompile>
    <ClCompile Include="ParticleFObjManager.cpp">
      <Filter>소스 파일</Filter>
    </ClCompile>
    <ClCompile Include="ModelOnlyVertex.cpp">
      <Filter>소스 파일</Filter>
    </ClCompile>
    <ClCompile Include="ShaderGBufferGeo.cpp">
      <Filter>소스 파일</Filter>
    </ClCompile>
    <ClCompile Include="ShaderGBufferLight.cpp">
      <Filter>소스 파일</Filter>
    </ClCompile>
    <ClCompile Include="ShaderGBufferFinal.cpp">
      <Filter>소스 파일</Filter>
    </ClCompile>
    <ClCompile Include="DeferredGFBO.cpp">
      <Filter>소스 파일</Filter>
    </ClCompile>
    <ClCompile Include="src\Shader\ShaderShadow.cpp">
      <Filter>소스 파일</Filter>
    </ClCompile>
    <ClCompile Include="FrustumOb.cpp">
      <Filter>소스 파일</Filter>
    </ClCompile>
    <ClCompile Include="AABBOb.cpp">
      <Filter>소스 파일</Filter>
    </ClCompile>
    <ClCompile Include="SphereOb.cpp">
      <Filter>소스 파일</Filter>
    </ClCompile>
    <ClCompile Include="PostGraphicProcess.cpp">
      <Filter>소스 파일</Filter>
    </ClCompile>
    <ClCompile Include="ShaderHDR.cpp">
      <Filter>소스 파일</Filter>
    </ClCompile>
    <ClCompile Include="ShaderFXAA.cpp">
      <Filter>소스 파일</Filter>
    </ClCompile>
    <ClCompile Include="ShaderPostEffect.cpp">
      <Filter>소스 파일</Filter>
    </ClCompile>
    <ClCompile Include="ShaderBloom.cpp">
      <Filter>소스 파일</Filter>
    </ClCompile>
    <ClCompile Include="ShaderMipmap.cpp">
      <Filter>소스 파일</Filter>
    </ClCompile>
    <ClCompile Include="OctreeElem.cpp">
      <Filter>소스 파일</Filter>
    </ClCompile>
    <ClCompile Include="VectorPElem.cpp">
      <Filter>소스 파일</Filter>
    </ClCompile>
    <ClCompile Include="OctreeFrustumElem.cpp">
      <Filter>소스 파일</Filter>
    </ClCompile>
  </ItemGroup>
  <ItemGroup>
    <ClInclude Include="src\window.h">
      <Filter>소스 파일</Filter>
    </ClInclude>
    <ClInclude Include="src\Entity.h">
      <Filter>소스 파일</Filter>
    </ClInclude>
    <ClInclude Include="src\Control\Control.h">
      <Filter>소스 파일\src\control</Filter>
    </ClInclude>
    <ClInclude Include="src\Control\ControlDown.h">
      <Filter>소스 파일\src\control</Filter>
    </ClInclude>
    <ClInclude Include="src\Control\ControlOnce.h">
      <Filter>소스 파일\src\control</Filter>
    </ClInclude>
    <ClInclude Include="src\Control\InputManager.h">
      <Filter>소스 파일\src\control</Filter>
    </ClInclude>
    <ClInclude Include="src\Shader\ShaderManager.h">
      <Filter>소스 파일\src\shader</Filter>
    </ClInclude>
    <ClInclude Include="src\Shader\ShaderObj.h">
      <Filter>소스 파일\src\shader</Filter>
    </ClInclude>
    <ClInclude Include="src\Shader\ShaderMain.h">
      <Filter>소스 파일\src\shader</Filter>
    </ClInclude>
    <ClInclude Include="src\Shader\ShaderShadow.h">
      <Filter>소스 파일\src\shader</Filter>
    </ClInclude>
    <ClInclude Include="src\Shader\ShaderSkybox.h">
      <Filter>소스 파일\src\shader</Filter>
    </ClInclude>
    <ClInclude Include="src\Shader\ShaderText.h">
      <Filter>소스 파일\src\shader</Filter>
    </ClInclude>
    <ClInclude Include="src\Resource\Model.h">
      <Filter>소스 파일\src\Resource</Filter>
    </ClInclude>
    <ClInclude Include="src\Resource\ModelManager.h">
      <Filter>소스 파일\src\Resource</Filter>
    </ClInclude>
    <ClInclude Include="src\Resource\Texture.h">
      <Filter>소스 파일\src\Resource</Filter>
    </ClInclude>
    <ClInclude Include="src\Resource\TextureManager.h">
      <Filter>소스 파일\src\Resource</Filter>
    </ClInclude>
    <ClInclude Include="src\Render\RSkybox.h">
      <Filter>소스 파일\src\renderer</Filter>
    </ClInclude>
    <ClInclude Include="src\Shader\ShaderHeader.h">
      <Filter>소스 파일\src\shader</Filter>
    </ClInclude>
    <ClInclude Include="src\RenderTarget\Skybox\SkyboxModel.h">
      <Filter>소스 파일\src\renderTarget\skybox</Filter>
    </ClInclude>
    <ClInclude Include="src\RenderTarget\Skybox\SkyboxTexture.h">
      <Filter>소스 파일\src\renderTarget\skybox</Filter>
    </ClInclude>
    <ClInclude Include="src\RenderTarget\Skybox\SkyboxFObj.h">
      <Filter>소스 파일\src\renderTarget\skybox</Filter>
    </ClInclude>
    <ClInclude Include="src\Camera\Camera.h">
      <Filter>소스 파일\src\camera</Filter>
    </ClInclude>
    <ClInclude Include="src\Camera\CameraBuilder.h">
      <Filter>소스 파일\src\camera</Filter>
    </ClInclude>
    <ClInclude Include="stdafx.h">
      <Filter>소스 파일\preComplie</Filter>
    </ClInclude>
    <ClInclude Include="src\3rdParty\ObjectLoader\objectLoader.h">
      <Filter>소스 파일\3rd</Filter>
    </ClInclude>
    <ClInclude Include="src\3rdParty\ObjectLoader\vboindexer.h">
      <Filter>소스 파일\3rd</Filter>
    </ClInclude>
    <ClInclude Include="src\3rdParty\ObjectLoader\Vertex.h">
      <Filter>소스 파일\3rd</Filter>
    </ClInclude>
    <ClInclude Include="src\3rdParty\ShaderLoader\shader.h">
      <Filter>소스 파일\3rd</Filter>
    </ClInclude>
    <ClInclude Include="src\3rdParty\TextureLoader\textureLoader.h">
      <Filter>소스 파일\3rd</Filter>
    </ClInclude>
    <ClInclude Include="src\Render\RNormal.h">
      <Filter>소스 파일\src\renderer</Filter>
    </ClInclude>
    <ClInclude Include="src\RenderTarget\Normal\NormalFObj.h">
      <Filter>소스 파일\src\renderTarget</Filter>
    </ClInclude>
    <ClInclude Include="TextFObj.h">
      <Filter>소스 파일\src\renderTarget</Filter>
    </ClInclude>
    <ClInclude Include="RText.h">
      <Filter>소스 파일\src\renderer</Filter>
    </ClInclude>
    <ClInclude Include="TextBuffer.h">
      <Filter>소스 파일\src\Resource\Buffer</Filter>
    </ClInclude>
    <ClInclude Include="origin\CircularBuffer.h">
      <Filter>소스 파일\origin</Filter>
    </ClInclude>
    <ClInclude Include="origin\FastSpinlock.h">
      <Filter>소스 파일\origin</Filter>
    </ClInclude>
    <ClInclude Include="origin\LockOrderChecker.h">
      <Filter>소스 파일\origin</Filter>
    </ClInclude>
    <ClInclude Include="origin\ThreadLocal.h">
      <Filter>소스 파일\origin</Filter>
    </ClInclude>
    <ClInclude Include="origin\Exception.h">
      <Filter>소스 파일\origin</Filter>
    </ClInclude>
    <ClInclude Include="origin\MemoryPool.h">
      <Filter>소스 파일\origin</Filter>
    </ClInclude>
    <ClInclude Include="origin\ObjectPool.h">
      <Filter>소스 파일\origin</Filter>
    </ClInclude>
    <ClInclude Include="origin\SyncExecutable.h">
      <Filter>소스 파일\origin</Filter>
    </ClInclude>
    <ClInclude Include="origin\TypeTraits.h">
      <Filter>소스 파일\origin</Filter>
    </ClInclude>
    <ClInclude Include="origin\XTL.h">
      <Filter>소스 파일\origin</Filter>
    </ClInclude>
    <ClInclude Include="ParticleBuffer.h">
      <Filter>소스 파일\src\Resource\Buffer</Filter>
    </ClInclude>
    <ClInclude Include="ParticleStruct.h">
      <Filter>소스 파일\src\Resource\structs</Filter>
    </ClInclude>
    <ClInclude Include="configs.h">
      <Filter>소스 파일\src\config</Filter>
    </ClInclude>
    <ClInclude Include="src\Sound\ALListener.h">
      <Filter>소스 파일\src\sound</Filter>
    </ClInclude>
    <ClInclude Include="src\Sound\ALManager.h">
      <Filter>소스 파일\src\sound</Filter>
    </ClInclude>
    <ClInclude Include="src\Sound\ALSound.h">
      <Filter>소스 파일\src\sound</Filter>
    </ClInclude>
    <ClInclude Include="src\Sound\ALSource.h">
      <Filter>소스 파일\src\sound</Filter>
    </ClInclude>
    <ClInclude Include="Option.h">
      <Filter>소스 파일\src\option</Filter>
    </ClInclude>
    <ClInclude Include="ParticleCreateInfo.h">
      <Filter>소스 파일\src\particle</Filter>
    </ClInclude>
    <ClInclude Include="RParticle.h">
      <Filter>소스 파일\src\renderer</Filter>
    </ClInclude>
    <ClInclude Include="ParticleFObj.h">
      <Filter>소스 파일\src\renderTarget</Filter>
    </ClInclude>
    <ClInclude Include="src\Shader\ShaderParticle.h">
      <Filter>소스 파일\src\shader</Filter>
    </ClInclude>
    <ClInclude Include="TextBox.h">
      <Filter>소스 파일\Menus</Filter>
    </ClInclude>
    <ClInclude Include="ImageBox.h">
      <Filter>소스 파일\Menus</Filter>
    </ClInclude>
    <ClInclude Include="RBox.h">
      <Filter>소스 파일\src\renderer</Filter>
    </ClInclude>
    <ClInclude Include="UIEntity.h">
      <Filter>소스 파일</Filter>
    </ClInclude>
    <ClInclude Include="RenderManager.h">
      <Filter>소스 파일\src\renderer</Filter>
    </ClInclude>
    <ClInclude Include="ShadowBufferTextureShader.h">
      <Filter>소스 파일\src\Resource\ShadowAndLight</Filter>
    </ClInclude>
    <ClInclude Include="CollisionComponent.h">
      <Filter>소스 파일\components\collision</Filter>
    </ClInclude>
    <ClInclude Include="CollisionComponentManager.h">
      <Filter>소스 파일\components\collision</Filter>
    </ClInclude>
    <ClInclude Include="OBBCollisionComp.h">
      <Filter>소스 파일\components\collision</Filter>
    </ClInclude>
    <ClInclude Include="Octree.h">
      <Filter>소스 파일\components\collision</Filter>
    </ClInclude>
    <ClInclude Include="src\Camera\CameraManager.h">
      <Filter>소스 파일\src\camera</Filter>
    </ClInclude>
    <ClInclude Include="RRender.h">
      <Filter>소스 파일\src\renderer\Parent</Filter>
    </ClInclude>
    <ClInclude Include="Fobj.h">
      <Filter>소스 파일\src\renderTarget</Filter>
    </ClInclude>
    <ClInclude Include="RigidbodyComponentManager.h">
      <Filter>소스 파일\components</Filter>
    </ClInclude>
    <ClInclude Include="RigidbodyComponent.h">
      <Filter>소스 파일\components</Filter>
    </ClInclude>
    <ClInclude Include="SkyboxGObject.h">
      <Filter>소스 파일\GameScene\GameObjects</Filter>
    </ClInclude>
    <ClInclude Include="Scene.h">
      <Filter>소스 파일\GameScene</Filter>
    </ClInclude>
    <ClInclude Include="Canvas.h">
      <Filter>소스 파일\Menus</Filter>
    </ClInclude>
    <ClInclude Include="GameSession.h">
      <Filter>소스 파일\GameScene</Filter>
    </ClInclude>
    <ClInclude Include="Box.h">
      <Filter>소스 파일\Menus</Filter>
    </ClInclude>
    <ClInclude Include="CollisionInfo.h">
      <Filter>소스 파일\components\collision\collisionInfo</Filter>
    </ClInclude>
    <ClInclude Include="Player.h">
      <Filter>소스 파일\GameScene\GameObjects\plane\user</Filter>
    </ClInclude>
    <ClInclude Include="Enemy.h">
      <Filter>소스 파일\GameScene\GameObjects\plane\user</Filter>
    </ClInclude>
    <ClInclude Include="NormalMissile.h">
      <Filter>소스 파일\GameScene\GameObjects\plane\missile\missileObjs</Filter>
    </ClInclude>
    <ClInclude Include="IMissile.h">
      <Filter>소스 파일\GameScene\GameObjects\plane\missile\missileObjs</Filter>
    </ClInclude>
    <ClInclude Include="IMissileGenInfo.h">
      <Filter>소스 파일\GameScene\GameObjects\plane\missile\infos</Filter>
    </ClInclude>
    <ClInclude Include="ISpecifiedMissileInfo.h">
      <Filter>소스 파일\GameScene\GameObjects\plane\missile\infos</Filter>
    </ClInclude>
    <ClInclude Include="CommonNormalMissileInfo.h">
      <Filter>소스 파일\GameScene\GameObjects\plane\missile\infos\normal</Filter>
    </ClInclude>
    <ClInclude Include="SpecifiedNormalMissileInfo.h">
      <Filter>소스 파일\GameScene\GameObjects\plane\missile\infos\normal</Filter>
    </ClInclude>
    <ClInclude Include="ICommonMissileInfo.h">
      <Filter>소스 파일\GameScene\GameObjects\plane\missile\infos</Filter>
    </ClInclude>
    <ClInclude Include="CommonMissileState.h">
      <Filter>소스 파일\GameScene\GameObjects\plane\missile\state</Filter>
    </ClInclude>
    <ClInclude Include="IMissileGenerator.h">
      <Filter>소스 파일\GameScene\GameObjects\plane\missile\generator</Filter>
    </ClInclude>
    <ClInclude Include="ISpecifiedMissileState.h">
      <Filter>소스 파일\GameScene\GameObjects\plane\missile\state</Filter>
    </ClInclude>
    <ClInclude Include="MissileGeneratorStorage.h">
      <Filter>소스 파일\GameScene\GameObjects\plane\missile\generator</Filter>
    </ClInclude>
    <ClInclude Include="NormalMissileGenerator.h">
      <Filter>소스 파일\GameScene\GameObjects\plane\missile\generator\gen</Filter>
    </ClInclude>
    <ClInclude Include="EnumMissileType.h">
      <Filter>소스 파일\GameScene\GameObjects\plane\missile</Filter>
    </ClInclude>
    <ClInclude Include="SpecifiedNormalMissileState.h">
      <Filter>소스 파일\GameScene\GameObjects\plane\missile\state\specifiedStates</Filter>
    </ClInclude>
    <ClInclude Include="EmptyMissileGenerator.h">
      <Filter>헤더 파일</Filter>
    </ClInclude>
    <ClInclude Include="playerPlaneBackup.h">
      <Filter>소스 파일\GameScene\GameObjects\backup</Filter>
    </ClInclude>
    <ClInclude Include="AABBCollisionComp.h">
      <Filter>소스 파일\components\collision</Filter>
    </ClInclude>
    <ClInclude Include="quatExtension.h">
      <Filter>소스 파일\3rd</Filter>
    </ClInclude>
    <ClInclude Include="ParticleEntity.h">
      <Filter>소스 파일\GameScene\GameObjects\particle</Filter>
    </ClInclude>
    <ClInclude Include="PlayerStateUIObj.h">
      <Filter>소스 파일\GameScene\UIObjects</Filter>
    </ClInclude>
    <ClInclude Include="AimTextUIObj.h">
      <Filter>소스 파일\GameScene\UIObjects</Filter>
    </ClInclude>
    <ClInclude Include="BelowMissileStorageUIObj.h">
      <Filter>소스 파일\GameScene\UIObjects</Filter>
    </ClInclude>
    <ClInclude Include="FpsUIObj.h">
      <Filter>소스 파일\GameScene\UIObjects</Filter>
    </ClInclude>
    <ClInclude Include="IFieldItem.h">
      <Filter>소스 파일\GameScene\GameObjects\fieldItem</Filter>
    </ClInclude>
    <ClInclude Include="ItemOtherSpeedSlow.h">
      <Filter>소스 파일\GameScene\GameObjects\fieldItem\ItemList\otherTarget</Filter>
    </ClInclude>
    <ClInclude Include="ItemOtherRandomizeDirection.h">
      <Filter>소스 파일\GameScene\GameObjects\fieldItem\ItemList\otherTarget</Filter>
    </ClInclude>
    <ClInclude Include="ItemOtherDisableShot.h">
      <Filter>소스 파일\GameScene\GameObjects\fieldItem\ItemList\otherTarget</Filter>
    </ClInclude>
    <ClInclude Include="ItemSelfInvisible.h">
      <Filter>소스 파일\GameScene\GameObjects\fieldItem\ItemList\selfTarget</Filter>
    </ClInclude>
    <ClInclude Include="ItemSelfOverwhelimg.h">
      <Filter>소스 파일\GameScene\GameObjects\fieldItem\ItemList\selfTarget</Filter>
    </ClInclude>
    <ClInclude Include="ItemSelfRandomTeleport.h">
      <Filter>소스 파일\GameScene\GameObjects\fieldItem\ItemList\selfTarget</Filter>
    </ClInclude>
    <ClInclude Include="ItemAmmoRegen.h">
      <Filter>소스 파일\GameScene\GameObjects\fieldItem\ItemList\selfTarget</Filter>
    </ClInclude>
    <ClInclude Include="ItemSelfArmorRegen.h">
      <Filter>소스 파일\GameScene\GameObjects\fieldItem\ItemList\selfTarget</Filter>
    </ClInclude>
    <ClInclude Include="ItemSelfHPRegen.h">
      <Filter>소스 파일\GameScene\GameObjects\fieldItem\ItemList\selfTarget</Filter>
    </ClInclude>
    <ClInclude Include="ItemTeamDmgBuff.h">
      <Filter>소스 파일\GameScene\GameObjects\fieldItem\ItemList\teamTarget</Filter>
    </ClInclude>
    <ClInclude Include="FieldItemGenerator.h">
      <Filter>소스 파일\GameScene\GameObjects\fieldItem</Filter>
    </ClInclude>
    <ClInclude Include="OctreeForFrustum.h">
      <Filter>소스 파일\components\frustum</Filter>
    </ClInclude>
    <ClInclude Include="IGameObject.h">
      <Filter>소스 파일\GameScene\GameObjects</Filter>
    </ClInclude>
    <ClInclude Include="IPlane.h">
      <Filter>소스 파일\GameScene\GameObjects\plane</Filter>
    </ClInclude>
    <ClInclude Include="UserInfo.h">
      <Filter>소스 파일\GameScene\GameObjects\plane\user</Filter>
    </ClInclude>
    <ClInclude Include="PlaneInfo.h">
      <Filter>소스 파일\GameScene\GameObjects\plane</Filter>
    </ClInclude>
    <ClInclude Include="IBuff.h">
      <Filter>소스 파일\GameScene\GameObjects\fieldItem\BuffList</Filter>
    </ClInclude>
    <ClInclude Include="ItemSelfShotSpeed.h">
      <Filter>소스 파일\GameScene\GameObjects\fieldItem\ItemList\selfTarget</Filter>
    </ClInclude>
    <ClInclude Include="ItemSelfShotDelay.h">
      <Filter>소스 파일\GameScene\GameObjects\fieldItem\ItemList\selfTarget</Filter>
    </ClInclude>
    <ClInclude Include="IFieldItemForBuff.h">
      <Filter>소스 파일\GameScene\GameObjects\fieldItem</Filter>
    </ClInclude>
    <ClInclude Include="ItemSelfDmg.h">
      <Filter>소스 파일\GameScene\GameObjects\fieldItem\ItemList\selfTarget</Filter>
    </ClInclude>
    <ClInclude Include="ItemSpeed.h">
      <Filter>소스 파일\GameScene\GameObjects\fieldItem\ItemList\selfTarget</Filter>
    </ClInclude>
    <ClInclude Include="BuffSum.h">
      <Filter>소스 파일\GameScene\GameObjects\fieldItem\BuffList</Filter>
    </ClInclude>
    <ClInclude Include="SpeedBuff.h">
      <Filter>소스 파일\GameScene\GameObjects\fieldItem\BuffList\selfTarget</Filter>
    </ClInclude>
    <ClInclude Include="IFieldItemForStuff.h">
      <Filter>소스 파일\GameScene\GameObjects\fieldItem</Filter>
    </ClInclude>
    <ClInclude Include="BuffManager.h">
      <Filter>소스 파일\GameScene\GameObjects\fieldItem\BuffList</Filter>
    </ClInclude>
    <ClInclude Include="configs_ubo.h">
      <Filter>소스 파일\src\config</Filter>
    </ClInclude>
    <ClInclude Include="ShaderStructDirectionalLight.h">
      <Filter>소스 파일\src\lights\shaderBuffer</Filter>
    </ClInclude>
    <ClInclude Include="configs_light.h">
      <Filter>소스 파일\src\config</Filter>
    </ClInclude>
    <ClInclude Include="ShaderStructSpotLight.h">
      <Filter>소스 파일\src\lights\shaderBuffer</Filter>
    </ClInclude>
    <ClInclude Include="ShaderStructPointLight.h">
      <Filter>소스 파일\src\lights\shaderBuffer</Filter>
    </ClInclude>
    <ClInclude Include="ShaderStructDeferredPointLight.h">
      <Filter>소스 파일\src\lights\shaderBuffer</Filter>
    </ClInclude>
    <ClInclude Include="LightManager.h">
      <Filter>소스 파일\src\lights\manager</Filter>
    </ClInclude>
    <ClInclude Include="DeferredPointLight.h">
      <Filter>소스 파일\src\lights\lights</Filter>
    </ClInclude>
    <ClInclude Include="DirectionalLight.h">
      <Filter>소스 파일\src\lights\lights</Filter>
    </ClInclude>
    <ClInclude Include="light.h">
      <Filter>소스 파일\src\lights\lights</Filter>
    </ClInclude>
    <ClInclude Include="LightGameObject.h">
      <Filter>소스 파일\src\lights</Filter>
    </ClInclude>
    <ClInclude Include="LightWithEntity.h">
      <Filter>소스 파일\src\lights\lights</Filter>
    </ClInclude>
    <ClInclude Include="ILightWithEntityManager.h">
      <Filter>소스 파일\src\lights\manager\interface</Filter>
    </ClInclude>
    <ClInclude Include="PointLightManager.h">
      <Filter>소스 파일\src\lights\manager\withEntity</Filter>
    </ClInclude>
    <ClInclude Include="SpotLightManager.h">
      <Filter>소스 파일\src\lights\manager\withEntity</Filter>
    </ClInclude>
    <ClInclude Include="DeferredPointLightManager.h">
      <Filter>소스 파일\src\lights\manager\withEntity</Filter>
    </ClInclude>
    <ClInclude Include="DirectionalLightManager.h">
      <Filter>소스 파일\src\lights\manager\withNoEntity</Filter>
    </ClInclude>
    <ClInclude Include="SpotLight.h">
      <Filter>소스 파일\src\lights\lights</Filter>
    </ClInclude>
    <ClInclude Include="PointLight.h">
      <Filter>소스 파일\src\lights\lights</Filter>
    </ClInclude>
    <ClInclude Include="EntityBinder.h">
      <Filter>소스 파일\GameScene\GameObjects\GOComponent</Filter>
    </ClInclude>
    <ClInclude Include="EntityBindee.h">
      <Filter>소스 파일\GameScene\GameObjects\GOComponent</Filter>
    </ClInclude>
    <ClInclude Include="ParticleFObjManager.h">
      <Filter>소스 파일\src\renderTarget\particle</Filter>
    </ClInclude>
    <ClInclude Include="ShaderTextureSimple.h">
      <Filter>헤더 파일</Filter>
    </ClInclude>
    <ClInclude Include="ModelOnlyVertex.h">
      <Filter>소스 파일\src\Resource</Filter>
    </ClInclude>
    <ClInclude Include="config_default_vertex.h">
      <Filter>소스 파일\src\config</Filter>
    </ClInclude>
    <ClInclude Include="ShaderGBufferGeo.h">
      <Filter>소스 파일\src\shader\GBuffer</Filter>
    </ClInclude>
    <ClInclude Include="ShaderGBufferLight.h">
      <Filter>소스 파일\src\shader\GBuffer</Filter>
    </ClInclude>
    <ClInclude Include="ShaderGBufferFinal.h">
      <Filter>소스 파일\src\shader\GBuffer</Filter>
    </ClInclude>
    <ClInclude Include="DeferredGFBO.h">
      <Filter>소스 파일\src\Resource\GBuffer</Filter>
    </ClInclude>
    <ClInclude Include="FrustumOb.h">
      <Filter>소스 파일\FrustumFObj</Filter>
    </ClInclude>
    <ClInclude Include="AABBOb.h">
      <Filter>소스 파일\FrustumFObj</Filter>
    </ClInclude>
    <ClInclude Include="SphereOb.h">
      <Filter>소스 파일\FrustumFObj</Filter>
    </ClInclude>
    <ClInclude Include="PostGraphicProcess.h">
      <Filter>소스 파일\src\Resource\GBuffer\PostEffect</Filter>
    </ClInclude>
    <ClInclude Include="ShaderHDR.h">
      <Filter>소스 파일\src\shader\PostPipeline</Filter>
    </ClInclude>
    <ClInclude Include="ShaderFXAA.h">
      <Filter>소스 파일\src\shader\PostPipeline</Filter>
    </ClInclude>
    <ClInclude Include="ShaderPostEffect.h">
      <Filter>소스 파일\src\shader\PostPipeline</Filter>
    </ClInclude>
    <ClInclude Include="ShaderBloom.h">
      <Filter>소스 파일\src\shader\PostPipeline</Filter>
    </ClInclude>
    <ClInclude Include="ShaderMipmap.h">
      <Filter>소스 파일\src\shader\PostPipeline</Filter>
    </ClInclude>
    <ClInclude Include="OctreeElem.h">
      <Filter>소스 파일\components\collision</Filter>
    </ClInclude>
    <ClInclude Include="VectorPElem.h">
      <Filter>소스 파일\preComplie\vectorLikeList</Filter>
    </ClInclude>
    <ClInclude Include="VectorP.h">
      <Filter>소스 파일\preComplie\vectorLikeList</Filter>
    </ClInclude>
    <ClInclude Include="OctreeFrustumElem.h">
      <Filter>소스 파일\components\frustum</Filter>
    </ClInclude>
  </ItemGroup>
  <ItemGroup>
    <None Include="data\Shader\DepthRTT.fragmentshader">
      <Filter>리소스 파일\shaders</Filter>
    </None>
    <None Include="data\Shader\DepthRTT.vertexshader">
      <Filter>리소스 파일\shaders</Filter>
    </None>
    <None Include="data\Shader\Particle.fragmentshader">
      <Filter>리소스 파일\shaders</Filter>
    </None>
    <None Include="data\Shader\Particle.vertexshader">
      <Filter>리소스 파일\shaders</Filter>
    </None>
    <None Include="data\Shader\Passthrough.vertexshader">
      <Filter>리소스 파일\shaders</Filter>
    </None>
    <None Include="data\Shader\ShadowMapping.fragmentshader">
      <Filter>리소스 파일\shaders</Filter>
    </None>
    <None Include="data\Shader\ShadowMapping.vertexshader">
      <Filter>리소스 파일\shaders</Filter>
    </None>
    <None Include="data\Shader\ShadowMapping_SimpleVersion.fragmentshader">
      <Filter>리소스 파일\shaders</Filter>
    </None>
    <None Include="data\Shader\ShadowMapping_SimpleVersion.vertexshader">
      <Filter>리소스 파일\shaders</Filter>
    </None>
    <None Include="data\Shader\Simple.fragmentshader">
      <Filter>리소스 파일\shaders</Filter>
    </None>
    <None Include="data\Shader\Simple.vertexshader">
      <Filter>리소스 파일\shaders</Filter>
    </None>
    <None Include="data\Shader\SimpleTexture.fragmentshader">
      <Filter>리소스 파일\shaders</Filter>
    </None>
    <None Include="data\Shader\SkyboxMapping.fragmentshader">
      <Filter>리소스 파일\shaders</Filter>
    </None>
    <None Include="data\Shader\SkyboxMapping.vertexshader">
      <Filter>리소스 파일\shaders</Filter>
    </None>
    <None Include="data\Shader\TextVertexShader.fragmentshader">
      <Filter>리소스 파일\shaders</Filter>
    </None>
    <None Include="data\Shader\TextVertexShader.vertexshader">
      <Filter>리소스 파일\shaders</Filter>
    </None>
    <None Include="data\Shader\GbufferGeoPass.fragmentshader">
      <Filter>리소스 파일\shaders\GBuffer</Filter>
    </None>
    <None Include="data\Shader\GbufferGeoPass.vertexshader">
      <Filter>리소스 파일\shaders\GBuffer</Filter>
    </None>
    <None Include="data\Shader\GbufferLightPass.fragmentshader">
      <Filter>리소스 파일\shaders\GBuffer</Filter>
    </None>
    <None Include="data\Shader\GbufferLightPass.vertexshader">
      <Filter>리소스 파일\shaders\GBuffer</Filter>
    </None>
    <None Include="data\Shader\GbufferFinalPass.fragmentshader">
      <Filter>리소스 파일\shaders\GBuffer</Filter>
    </None>
    <None Include="data\Shader\GbufferFinalPass.vertexshader">
      <Filter>리소스 파일\shaders\GBuffer</Filter>
    </None>
    <None Include="data\Shader\FXAA.fragmentshader">
      <Filter>리소스 파일\shaders\postPipeline</Filter>
    </None>
    <None Include="data\Shader\FXAA.vertexshader">
      <Filter>리소스 파일\shaders\postPipeline</Filter>
    </None>
    <None Include="data\Shader\HDR.fragmentshader">
      <Filter>리소스 파일\shaders\postPipeline</Filter>
    </None>
    <None Include="data\Shader\HDR.vertexshader">
      <Filter>리소스 파일\shaders\postPipeline</Filter>
    </None>
    <None Include="data\Shader\TexturePrint.fragmentshader">
      <Filter>리소스 파일\shaders\textureRender</Filter>
    </None>
    <None Include="data\Shader\TexturePrint.vertexshader">
      <Filter>리소스 파일\shaders\textureRender</Filter>
    </None>
    <None Include="data\Shader\Bloom.fragmentshader">
      <Filter>리소스 파일\shaders\postPipeline</Filter>
    </None>
    <None Include="data\Shader\Bloom.vertexshader">
      <Filter>리소스 파일\shaders\postPipeline</Filter>
    </None>
    <None Include="data\Shader\MipmapLast.fragmentshader">
      <Filter>리소스 파일\shaders\postPipeline</Filter>
    </None>
    <None Include="data\Shader\MipmapLast.vertexshader">
      <Filter>리소스 파일\shaders\postPipeline</Filter>
    </None>
  </ItemGroup>
</Project>